schema: '2.0'
stages:
  download:
    cmd: python src/download.py
    deps:
    - path: src/download.py
      hash: md5
      md5: a297e268f17dd8f322bd10e324f52da6
      size: 4499
    params:
      params.yaml:
        download.base_url: https://www.ncei.noaa.gov/data/local-climatological-data/access/
        download.destination: data/archive/
        download.hourly_features:
        - HourlyRelativeHumidity
        - HourlyDryBulbTemperature
        - HourlyDewPointTemperature
        - HourlySeaLevelPressure
        - HourlyStationPressure
        download.link_parser: data/content.html
        download.monthly_features:
        - MonthlyAverageRH
        - MonthlyMeanTemperature
        - MonthlyDewpointTemperature
        - MonthlySeaLevelPressure
        - MonthlyStationPressure
        download.n_locs: 25
        download.seed: 20240331
        download.year: 2023
    outs:
    - path: data/archive/
      hash: md5
      md5: 4a3dcfbf59587f08d242212b3f4479f1.dir
      size: 23318409
      nfiles: 3
  preparation:
    cmd: python src/prepare.py
    deps:
    - path: data/archive/
      hash: md5
      md5: 4a3dcfbf59587f08d242212b3f4479f1.dir
      size: 23318409
      nfiles: 3
    - path: src/prepare.py
      hash: md5
      md5: c3cc7e9d41e388f61b06fb5eb2b7b828
      size: 2129
    params:
      params.yaml:
        download.destination: data/archive/
        download.hourly_features:
        - HourlyRelativeHumidity
        - HourlyDryBulbTemperature
        - HourlyDewPointTemperature
        - HourlySeaLevelPressure
        - HourlyStationPressure
        download.monthly_features:
        - MonthlyAverageRH
        - MonthlyMeanTemperature
        - MonthlyDewpointTemperature
        - MonthlySeaLevelPressure
        - MonthlyStationPressure
    outs:
    - path: data/output/
      hash: md5
      md5: c453dcfb8a5113e06276e4e6a26b9ea8.dir
      size: 808
      nfiles: 3
  processing:
    cmd: python src/process.py
    deps:
    - path: data/archive/
      hash: md5
      md5: 4a3dcfbf59587f08d242212b3f4479f1.dir
      size: 23318409
      nfiles: 3
    - path: data/output/
      hash: md5
      md5: fbef00aa10499b8114a4e7f16d65025c.dir
      size: 3001
      nfiles: 6
    - path: src/process.py
      hash: md5
      md5: 2838e1c7bd611dac158a587e96aea7b0
      size: 2559
    params:
      params.yaml:
        download.destination: data/archive/
        download.hourly_features:
        - HourlyRelativeHumidity
        - HourlyDryBulbTemperature
        - HourlyDewPointTemperature
        - HourlySeaLevelPressure
        - HourlyStationPressure
        download.monthly_features:
        - MonthlyAverageRH
        - MonthlyMeanTemperature
        - MonthlyDewpointTemperature
        - MonthlySeaLevelPressure
        - MonthlyStationPressure
